
Microsoft Visual Studio Solution File, Format Version 12.00
# Visual Studio Version 16
VisualStudioVersion = 16.0.31624.102
MinimumVisualStudioVersion = 10.0.40219.1
Project("{9A19103F-16F7-4668-BE54-9A1E7A4F7556}") = "SpectatorMode", "SpectatorMode.csproj", "{BA0191AA-DF41-4FC3-ADF6-4C04F7ECFFBD}"
EndProject
Global
	GlobalSection(SolutionConfigurationPlatforms) = preSolution
		Debug|Any CPU = Debug|Any CPU
		Release|Any CPU = Release|Any CPU
	EndGlobalSection
	GlobalSection(ProjectConfigurationPlatforms) = postSolution
		{BA0191AA-DF41-4FC3-ADF6-4C04F7ECFFBD}.Debug|Any CPU.ActiveCfg = Debug|Any CPU
		{BA0191AA-DF41-4FC3-ADF6-4C04F7ECFFBD}.Debug|Any CPU.Build.0 = Debug|Any CPU
		{BA0191AA-DF41-4FC3-ADF6-4C04F7ECFFBD}.Release|Any CPU.ActiveCfg = Release|Any CPU
		{BA0191AA-DF41-4FC3-ADF6-4C04F7ECFFBD}.Release|Any CPU.Build.0 = Release|Any CPU
	EndGlobalSection
	GlobalSection(SolutionProperties) = preSolution
		HideSolutionNode = FALSE
	EndGlobalSection
	GlobalSection(ExtensibilityGlobals) = postSolution
		SolutionGuid = {1C57953D-01E7-4045-AD93-C737E2BAC1D1}
	EndGlobalSection
EndGlobal
